
Microsoft Visual Studio Solution File, Format Version 11.00
# Visual Studio 2010
Project("{FAE04EC0-301F-11D3-BF4B-00C04F79EFBC}") = "Campus.DocumentValidator", "Campus.DocumentValidator\Campus.DocumentValidator.csproj", "{B3508927-0AC3-4965-A777-AC3F314B3261}"
EndProject
Project("{FAE04EC0-301F-11D3-BF4B-00C04F79EFBC}") = "Campus.DocumentValidator_Test", "Campus.DocumentValidator_Test\Campus.DocumentValidator_Test.csproj", "{B2EB06E8-A53C-43BF-BA22-C6142D849D9A}"
EndProject
Project("{2150E333-8FDC-42A3-9474-1A3956D46DE8}") = "Solution Items", "Solution Items", "{754CD320-1EF6-49F0-B79B-DB43488ABAA0}"
	ProjectSection(SolutionItems) = preProject
		Campus.DocumentValidator.vsmdi = Campus.DocumentValidator.vsmdi
		Local.testsettings = Local.testsettings
		TraceAndTestImpact.testsettings = TraceAndTestImpact.testsettings
	EndProjectSection
EndProject
Project("{FAE04EC0-301F-11D3-BF4B-00C04F79EFBC}") = "UltimateValidation", "UltimateValidation\UltimateValidation.csproj", "{C49A769E-3EC7-4F39-984C-50AED4877DDD}"
EndProject
Global
	GlobalSection(TeamFoundationVersionControl) = preSolution
		SccNumberOfProjects = 4
		SccEnterpriseProvider = {4CA58AB2-18FA-4F8D-95D4-32DDF27D184C}
		SccTeamFoundationServer = http://tfserver.ischool.com.tw:8080/
		SccLocalPath0 = .
		SccProjectUniqueName1 = Campus.DocumentValidator\\Campus.DocumentValidator.csproj
		SccProjectName1 = Campus.DocumentValidator
		SccLocalPath1 = Campus.DocumentValidator
		SccProjectUniqueName2 = Campus.DocumentValidator_Test\\Campus.DocumentValidator_Test.csproj
		SccProjectName2 = Campus.DocumentValidator_Test
		SccLocalPath2 = Campus.DocumentValidator_Test
		SccProjectUniqueName3 = UltimateValidation\\UltimateValidation.csproj
		SccProjectName3 = UltimateValidation
		SccLocalPath3 = UltimateValidation
	EndGlobalSection
	GlobalSection(TestCaseManagementSettings) = postSolution
		CategoryFile = Campus.DocumentValidator.vsmdi
	EndGlobalSection
	GlobalSection(SolutionConfigurationPlatforms) = preSolution
		Debug|Any CPU = Debug|Any CPU
		Debug|Mixed Platforms = Debug|Mixed Platforms
		Debug|x86 = Debug|x86
		Release|Any CPU = Release|Any CPU
		Release|Mixed Platforms = Release|Mixed Platforms
		Release|x86 = Release|x86
	EndGlobalSection
	GlobalSection(ProjectConfigurationPlatforms) = postSolution
		{B3508927-0AC3-4965-A777-AC3F314B3261}.Debug|Any CPU.ActiveCfg = Debug|Any CPU
		{B3508927-0AC3-4965-A777-AC3F314B3261}.Debug|Any CPU.Build.0 = Debug|Any CPU
		{B3508927-0AC3-4965-A777-AC3F314B3261}.Debug|Mixed Platforms.ActiveCfg = Debug|Any CPU
		{B3508927-0AC3-4965-A777-AC3F314B3261}.Debug|Mixed Platforms.Build.0 = Debug|Any CPU
		{B3508927-0AC3-4965-A777-AC3F314B3261}.Debug|x86.ActiveCfg = Debug|Any CPU
		{B3508927-0AC3-4965-A777-AC3F314B3261}.Release|Any CPU.ActiveCfg = Release|Any CPU
		{B3508927-0AC3-4965-A777-AC3F314B3261}.Release|Any CPU.Build.0 = Release|Any CPU
		{B3508927-0AC3-4965-A777-AC3F314B3261}.Release|Mixed Platforms.ActiveCfg = Release|Any CPU
		{B3508927-0AC3-4965-A777-AC3F314B3261}.Release|Mixed Platforms.Build.0 = Release|Any CPU
		{B3508927-0AC3-4965-A777-AC3F314B3261}.Release|x86.ActiveCfg = Release|Any CPU
		{B2EB06E8-A53C-43BF-BA22-C6142D849D9A}.Debug|Any CPU.ActiveCfg = Debug|Any CPU
		{B2EB06E8-A53C-43BF-BA22-C6142D849D9A}.Debug|Any CPU.Build.0 = Debug|Any CPU
		{B2EB06E8-A53C-43BF-BA22-C6142D849D9A}.Debug|Mixed Platforms.ActiveCfg = Debug|Any CPU
		{B2EB06E8-A53C-43BF-BA22-C6142D849D9A}.Debug|Mixed Platforms.Build.0 = Debug|Any CPU
		{B2EB06E8-A53C-43BF-BA22-C6142D849D9A}.Debug|x86.ActiveCfg = Debug|Any CPU
		{B2EB06E8-A53C-43BF-BA22-C6142D849D9A}.Release|Any CPU.ActiveCfg = Release|Any CPU
		{B2EB06E8-A53C-43BF-BA22-C6142D849D9A}.Release|Any CPU.Build.0 = Release|Any CPU
		{B2EB06E8-A53C-43BF-BA22-C6142D849D9A}.Release|Mixed Platforms.ActiveCfg = Release|Any CPU
		{B2EB06E8-A53C-43BF-BA22-C6142D849D9A}.Release|Mixed Platforms.Build.0 = Release|Any CPU
		{B2EB06E8-A53C-43BF-BA22-C6142D849D9A}.Release|x86.ActiveCfg = Release|Any CPU
		{C49A769E-3EC7-4F39-984C-50AED4877DDD}.Debug|Any CPU.ActiveCfg = Debug|x86
		{C49A769E-3EC7-4F39-984C-50AED4877DDD}.Debug|Mixed Platforms.ActiveCfg = Debug|x86
		{C49A769E-3EC7-4F39-984C-50AED4877DDD}.Debug|Mixed Platforms.Build.0 = Debug|x86
		{C49A769E-3EC7-4F39-984C-50AED4877DDD}.Debug|x86.ActiveCfg = Debug|x86
		{C49A769E-3EC7-4F39-984C-50AED4877DDD}.Debug|x86.Build.0 = Debug|x86
		{C49A769E-3EC7-4F39-984C-50AED4877DDD}.Release|Any CPU.ActiveCfg = Release|x86
		{C49A769E-3EC7-4F39-984C-50AED4877DDD}.Release|Mixed Platforms.ActiveCfg = Release|x86
		{C49A769E-3EC7-4F39-984C-50AED4877DDD}.Release|Mixed Platforms.Build.0 = Release|x86
		{C49A769E-3EC7-4F39-984C-50AED4877DDD}.Release|x86.ActiveCfg = Release|x86
		{C49A769E-3EC7-4F39-984C-50AED4877DDD}.Release|x86.Build.0 = Release|x86
	EndGlobalSection
	GlobalSection(SolutionProperties) = preSolution
		HideSolutionNode = FALSE
	EndGlobalSection
EndGlobal
